lockfile_version: '1'
generated_at: '2026-07-22T21:13:58.008048+00:00'
apm_version: 0.26.0
dependencies:
- repo_url: _local/nifi-development-kit
  name: nifi-development-kit
  version: 1.0.0
  package_type: apm_package
  deployed_files:
  - .agents/skills/nifi-custom-component-developer-skill
  - .agents/skills/nifi-custom-component-developer-skill/SKILL.md
  - .agents/skills/nifi-custom-component-developer-skill/references/annotations.md
  - .agents/skills/nifi-custom-component-developer-skill/references/batch.md
  - .agents/skills/nifi-custom-component-developer-skill/references/check-flowfile.md
  - .agents/skills/nifi-custom-component-developer-skill/references/mock-testing.md
  - .agents/skills/nifi-custom-component-developer-skill/references/naming.md
  - .agents/skills/nifi-custom-component-developer-skill/references/variable-initialization.md
  - .claude/skills/nifi-custom-component-developer-skill
  - .claude/skills/nifi-custom-component-developer-skill/SKILL.md
  - .claude/skills/nifi-custom-component-developer-skill/references/annotations.md
  - .claude/skills/nifi-custom-component-developer-skill/references/batch.md
  - .claude/skills/nifi-custom-component-developer-skill/references/check-flowfile.md
  - .claude/skills/nifi-custom-component-developer-skill/references/mock-testing.md
  - .claude/skills/nifi-custom-component-developer-skill/references/naming.md
  - .claude/skills/nifi-custom-component-developer-skill/references/variable-initialization.md
  deployed_file_hashes:
    .agents/skills/nifi-custom-component-developer-skill/SKILL.md: sha256:a2b6cedf274d27359447c3cfa503054c63cdda942fd0a38622d2fb8f5b1811a7
    .agents/skills/nifi-custom-component-developer-skill/references/annotations.md: sha256:348debad2f62337bb31c911aa485f61984472022336b90c0092a45dae8f874c6
    .agents/skills/nifi-custom-component-developer-skill/references/batch.md: sha256:fc17e496e23a4226442b228bbf9c6c3d1c62e46c23d3042bb541a05833bcd0a0
    .agents/skills/nifi-custom-component-developer-skill/references/check-flowfile.md: sha256:704e4afc0f479809f23667ab48ed5334f834568e3f959a50aaf199125ff37183
    .agents/skills/nifi-custom-component-developer-skill/references/mock-testing.md: sha256:76618eaef70374aa1457e9f353203bfa5bb77fbc0fd65d2ca585338662810d1d
    .agents/skills/nifi-custom-component-developer-skill/references/naming.md: sha256:052d7527ea8a535abe95e20d3c78ce1a2a7810a5a5cd06fb44b5f7863249be1d
    .agents/skills/nifi-custom-component-developer-skill/references/variable-initialization.md: sha256:4fa360caea7ba306cbc624042432429dbdc2d3df396e08cdda58b9dee30502d2
    .claude/skills/nifi-custom-component-developer-skill/SKILL.md: sha256:a2b6cedf274d27359447c3cfa503054c63cdda942fd0a38622d2fb8f5b1811a7
    .claude/skills/nifi-custom-component-developer-skill/references/annotations.md: sha256:348debad2f62337bb31c911aa485f61984472022336b90c0092a45dae8f874c6
    .claude/skills/nifi-custom-component-developer-skill/references/batch.md: sha256:fc17e496e23a4226442b228bbf9c6c3d1c62e46c23d3042bb541a05833bcd0a0
    .claude/skills/nifi-custom-component-developer-skill/references/check-flowfile.md: sha256:704e4afc0f479809f23667ab48ed5334f834568e3f959a50aaf199125ff37183
    .claude/skills/nifi-custom-component-developer-skill/references/mock-testing.md: sha256:76618eaef70374aa1457e9f353203bfa5bb77fbc0fd65d2ca585338662810d1d
    .claude/skills/nifi-custom-component-developer-skill/references/naming.md: sha256:052d7527ea8a535abe95e20d3c78ce1a2a7810a5a5cd06fb44b5f7863249be1d
    .claude/skills/nifi-custom-component-developer-skill/references/variable-initialization.md: sha256:4fa360caea7ba306cbc624042432429dbdc2d3df396e08cdda58b9dee30502d2
  source: local
  local_path: ./agent-packages/nifi-development-kit
- repo_url: _local/qubership-nifi-linters
  name: qubership-nifi-linters
  version: 1.1.0
  package_type: apm_package
  deployed_files:
  - .claude/commands/lint.md
  - .claude/hooks/qubership-nifi-linters/.apm/hooks/README.md
  - .claude/hooks/qubership-nifi-linters/.apm/hooks/lint_changed_file.py
  - .codex/hooks/qubership-nifi-linters/.apm/hooks/README.md
  - .codex/hooks/qubership-nifi-linters/.apm/hooks/lint_changed_file.py
  - .cursor/commands/lint.md
  - .cursor/hooks/qubership-nifi-linters/.apm/hooks/README.md
  - .cursor/hooks/qubership-nifi-linters/.apm/hooks/lint_changed_file.py
  deployed_file_hashes:
    .claude/commands/lint.md: sha256:090f2a75ea85c8fa63f8819399eac212f7d48ad0e3e5ea91e540701b4d027804
    .claude/hooks/qubership-nifi-linters/.apm/hooks/README.md: sha256:d4d2252408f80bd2a372b680cc45e5796e054055f90d5178159674dfe0d3d6e2
    .claude/hooks/qubership-nifi-linters/.apm/hooks/lint_changed_file.py: sha256:92735b287a4b1da96b2f99e2ee4cb526c4ad9608abd1db01b5dc358172ae7823
    .codex/hooks/qubership-nifi-linters/.apm/hooks/README.md: sha256:d4d2252408f80bd2a372b680cc45e5796e054055f90d5178159674dfe0d3d6e2
    .codex/hooks/qubership-nifi-linters/.apm/hooks/lint_changed_file.py: sha256:92735b287a4b1da96b2f99e2ee4cb526c4ad9608abd1db01b5dc358172ae7823
    .cursor/commands/lint.md: sha256:090f2a75ea85c8fa63f8819399eac212f7d48ad0e3e5ea91e540701b4d027804
    .cursor/hooks/qubership-nifi-linters/.apm/hooks/README.md: sha256:d4d2252408f80bd2a372b680cc45e5796e054055f90d5178159674dfe0d3d6e2
    .cursor/hooks/qubership-nifi-linters/.apm/hooks/lint_changed_file.py: sha256:92735b287a4b1da96b2f99e2ee4cb526c4ad9608abd1db01b5dc358172ae7823
  source: local
  local_path: ./agent-packages/qubership-nifi-linters
- repo_url: netcracker/qubership-workflow-hub
  name: qubership-workflow-hub-usage
  host: github.com
  resolved_commit: 20aa408fa385ba72417bd4345e2c9c5b4d7049d9
  resolved_ref: 20aa408fa385ba72417bd4345e2c9c5b4d7049d9
  version: 1.0.0
  virtual_path: agent-packages/qubership-workflow-hub-usage
  is_virtual: true
  package_type: apm_package
  deployed_files:
  - .agents/skills/qubership-actions-guide
  - .agents/skills/qubership-actions-guide/SKILL.md
  - .agents/skills/qubership-actions-guide/cla.md
  - .agents/skills/qubership-actions-guide/cleanup.md
  - .agents/skills/qubership-actions-guide/docker.md
  - .agents/skills/qubership-actions-guide/helm.md
  - .agents/skills/qubership-actions-guide/maven.md
  - .agents/skills/qubership-actions-guide/pr.md
  - .agents/skills/qubership-actions-guide/release.md
  - .agents/skills/qubership-actions-guide/security.md
  - .agents/skills/qubership-actions-guide/utilities.md
  - .agents/skills/qubership-templates-guide
  - .agents/skills/qubership-templates-guide/SKILL.md
  - .agents/skills/qubership-workflow-conventions
  - .agents/skills/qubership-workflow-conventions/SKILL.md
  - .agents/skills/qubership-workflow-conventions/debugging-playbook.md
  - .agents/skills/qubership-workflow-conventions/security-model.md
  - .agents/skills/qubership-workflow-conventions/workflow-patterns.md
  - .agents/skills/qubership-workflow-conventions/zizmor-rules.md
  - .claude/rules/qubership-workflow-hub-usage.md
  - .claude/skills/qubership-actions-guide
  - .claude/skills/qubership-actions-guide/SKILL.md
  - .claude/skills/qubership-actions-guide/cla.md
  - .claude/skills/qubership-actions-guide/cleanup.md
  - .claude/skills/qubership-actions-guide/docker.md
  - .claude/skills/qubership-actions-guide/helm.md
  - .claude/skills/qubership-actions-guide/maven.md
  - .claude/skills/qubership-actions-guide/pr.md
  - .claude/skills/qubership-actions-guide/release.md
  - .claude/skills/qubership-actions-guide/security.md
  - .claude/skills/qubership-actions-guide/utilities.md
  - .claude/skills/qubership-templates-guide
  - .claude/skills/qubership-templates-guide/SKILL.md
  - .claude/skills/qubership-workflow-conventions
  - .claude/skills/qubership-workflow-conventions/SKILL.md
  - .claude/skills/qubership-workflow-conventions/debugging-playbook.md
  - .claude/skills/qubership-workflow-conventions/security-model.md
  - .claude/skills/qubership-workflow-conventions/workflow-patterns.md
  - .claude/skills/qubership-workflow-conventions/zizmor-rules.md
  - .cursor/rules/qubership-workflow-hub-usage.mdc
  deployed_file_hashes:
    .agents/skills/qubership-actions-guide/SKILL.md: sha256:d0d42f7bf82f49d4161814a837d01872f4fa91620569f8e437f02948005f176b
    .agents/skills/qubership-actions-guide/cla.md: sha256:245533ccd1f9c6413e0a1b83cdb2d9f7d8e065a9fdb2d5a0fe9694b8b59b57f1
    .agents/skills/qubership-actions-guide/cleanup.md: sha256:05b82bb4f1933c39981600ac53f916c510741eb25d3636b8b99bc31a600f7560
    .agents/skills/qubership-actions-guide/docker.md: sha256:a0a725d382940be0f7cf0154f5215196fe306eb466137ccecba7e07c79a226ea
    .agents/skills/qubership-actions-guide/helm.md: sha256:2ea93804c4b487ead21619bd17858d9576f71e1def26531548f4ff1d22a00824
    .agents/skills/qubership-actions-guide/maven.md: sha256:05e2975120a9e482630d35084ef44a86a0a85a686f99bfd39f3a84cf0055d134
    .agents/skills/qubership-actions-guide/pr.md: sha256:b584affbec960cac32d107806ebf7fe10394609788941579c42c1b38c478f1f9
    .agents/skills/qubership-actions-guide/release.md: sha256:d26279c090f6e75733683c93e2c9f75413dd4293004d83960d784a2ee24303c8
    .agents/skills/qubership-actions-guide/security.md: sha256:1c9ccbc41dd3524783efa0891036ea6c5680f4aacf74452ee65716a5a9f825aa
    .agents/skills/qubership-actions-guide/utilities.md: sha256:838d2a7927cbce2b5a07ab75336b4f3aba592bcdb0264f679f020a23ce832382
    .agents/skills/qubership-templates-guide/SKILL.md: sha256:1b8c37cfd3e230a3b145118957d7545baa73eee1d47a25d9186ae680e051fc44
    .agents/skills/qubership-workflow-conventions/SKILL.md: sha256:9655b461fc932513b715b686c4129d92d762cc75310415968ea01cd831890a08
    .agents/skills/qubership-workflow-conventions/debugging-playbook.md: sha256:4609eff134db5534ed21be6772e0595369c32525aecd25c9b9d8b0ffcbeabcfa
    .agents/skills/qubership-workflow-conventions/security-model.md: sha256:fe3f48341fa66504572e3b0779244e77d608e1fb437997eae6ab45c0c5cd133b
    .agents/skills/qubership-workflow-conventions/workflow-patterns.md: sha256:be7afa22b4e42ac1c8f772d52160e1c75a328c3386a0cd601d108fc12739cca6
    .agents/skills/qubership-workflow-conventions/zizmor-rules.md: sha256:f0b1e9aa4def06f87e0bb8fff6ef23cdcfbd0565891cd64b274460e8029034dc
    .claude/rules/qubership-workflow-hub-usage.md: sha256:2265743ec65c358d2a339fd0795b7164a26cc5d63762d2d57b0e58897ff55361
    .claude/skills/qubership-actions-guide/SKILL.md: sha256:d0d42f7bf82f49d4161814a837d01872f4fa91620569f8e437f02948005f176b
    .claude/skills/qubership-actions-guide/cla.md: sha256:245533ccd1f9c6413e0a1b83cdb2d9f7d8e065a9fdb2d5a0fe9694b8b59b57f1
    .claude/skills/qubership-actions-guide/cleanup.md: sha256:05b82bb4f1933c39981600ac53f916c510741eb25d3636b8b99bc31a600f7560
    .claude/skills/qubership-actions-guide/docker.md: sha256:a0a725d382940be0f7cf0154f5215196fe306eb466137ccecba7e07c79a226ea
    .claude/skills/qubership-actions-guide/helm.md: sha256:2ea93804c4b487ead21619bd17858d9576f71e1def26531548f4ff1d22a00824
    .claude/skills/qubership-actions-guide/maven.md: sha256:05e2975120a9e482630d35084ef44a86a0a85a686f99bfd39f3a84cf0055d134
    .claude/skills/qubership-actions-guide/pr.md: sha256:b584affbec960cac32d107806ebf7fe10394609788941579c42c1b38c478f1f9
    .claude/skills/qubership-actions-guide/release.md: sha256:d26279c090f6e75733683c93e2c9f75413dd4293004d83960d784a2ee24303c8
    .claude/skills/qubership-actions-guide/security.md: sha256:1c9ccbc41dd3524783efa0891036ea6c5680f4aacf74452ee65716a5a9f825aa
    .claude/skills/qubership-actions-guide/utilities.md: sha256:838d2a7927cbce2b5a07ab75336b4f3aba592bcdb0264f679f020a23ce832382
    .claude/skills/qubership-templates-guide/SKILL.md: sha256:1b8c37cfd3e230a3b145118957d7545baa73eee1d47a25d9186ae680e051fc44
    .claude/skills/qubership-workflow-conventions/SKILL.md: sha256:9655b461fc932513b715b686c4129d92d762cc75310415968ea01cd831890a08
    .claude/skills/qubership-workflow-conventions/debugging-playbook.md: sha256:4609eff134db5534ed21be6772e0595369c32525aecd25c9b9d8b0ffcbeabcfa
    .claude/skills/qubership-workflow-conventions/security-model.md: sha256:fe3f48341fa66504572e3b0779244e77d608e1fb437997eae6ab45c0c5cd133b
    .claude/skills/qubership-workflow-conventions/workflow-patterns.md: sha256:be7afa22b4e42ac1c8f772d52160e1c75a328c3386a0cd601d108fc12739cca6
    .claude/skills/qubership-workflow-conventions/zizmor-rules.md: sha256:f0b1e9aa4def06f87e0bb8fff6ef23cdcfbd0565891cd64b274460e8029034dc
    .cursor/rules/qubership-workflow-hub-usage.mdc: sha256:500ce630e8ac4b0ece281e6671cc450164bafd76782f21efb80abd4c16c40bb9
  content_hash: sha256:4b8d413b93976992553ebd495a3cf18741cccf1b5f4691e77bfec75a756af000
deployments:
- kind: project-relative
  target: claude
  value: .claude/commands/lint.md
  runtime: null
  scope: project
  owners:
  - ./agent-packages/qubership-nifi-linters
  active_owner: ./agent-packages/qubership-nifi-linters
  content_hash: sha256:090f2a75ea85c8fa63f8819399eac212f7d48ad0e3e5ea91e540701b4d027804
- kind: project-relative
  target: claude
  value: .claude/hooks/qubership-nifi-linters/.apm/hooks/README.md
  runtime: null
  scope: project
  owners:
  - ./agent-packages/qubership-nifi-linters
  active_owner: ./agent-packages/qubership-nifi-linters
  content_hash: sha256:d4d2252408f80bd2a372b680cc45e5796e054055f90d5178159674dfe0d3d6e2
- kind: project-relative
  target: claude
  value: .claude/hooks/qubership-nifi-linters/.apm/hooks/lint_changed_file.py
  runtime: null
  scope: project
  owners:
  - ./agent-packages/qubership-nifi-linters
  active_owner: ./agent-packages/qubership-nifi-linters
  content_hash: sha256:92735b287a4b1da96b2f99e2ee4cb526c4ad9608abd1db01b5dc358172ae7823
- kind: project-relative
  target: claude
  value: .claude/rules/qubership-workflow-hub-usage.md
  runtime: null
  scope: project
  owners:
  - netcracker/qubership-workflow-hub/agent-packages/qubership-workflow-hub-usage
  active_owner: netcracker/qubership-workflow-hub/agent-packages/qubership-workflow-hub-usage
  content_hash: sha256:2265743ec65c358d2a339fd0795b7164a26cc5d63762d2d57b0e58897ff55361
- kind: project-relative
  target: claude
  value: .claude/skills/nifi-custom-component-developer-skill
  runtime: null
  scope: project
  owners:
  - ./agent-packages/nifi-development-kit
  active_owner: ./agent-packages/nifi-development-kit
  content_hash: null
- kind: project-relative
  target: claude
  value: .claude/skills/nifi-custom-component-developer-skill/SKILL.md
  runtime: null
  scope: project
  owners:
  - ./agent-packages/nifi-development-kit
  active_owner: ./agent-packages/nifi-development-kit
  content_hash: sha256:a2b6cedf274d27359447c3cfa503054c63cdda942fd0a38622d2fb8f5b1811a7
- kind: project-relative
  target: claude
  value: .claude/skills/nifi-custom-component-developer-skill/references/annotations.md
  runtime: null
  scope: project
  owners:
  - ./agent-packages/nifi-development-kit
  active_owner: ./agent-packages/nifi-development-kit
  content_hash: sha256:348debad2f62337bb31c911aa485f61984472022336b90c0092a45dae8f874c6
- kind: project-relative
  target: claude
  value: .claude/skills/nifi-custom-component-developer-skill/references/batch.md
  runtime: null
  scope: project
  owners:
  - ./agent-packages/nifi-development-kit
  active_owner: ./agent-packages/nifi-development-kit
  content_hash: sha256:fc17e496e23a4226442b228bbf9c6c3d1c62e46c23d3042bb541a05833bcd0a0
- kind: project-relative
  target: claude
  value: .claude/skills/nifi-custom-component-developer-skill/references/check-flowfile.md
  runtime: null
  scope: project
  owners:
  - ./agent-packages/nifi-development-kit
  active_owner: ./agent-packages/nifi-development-kit
  content_hash: sha256:704e4afc0f479809f23667ab48ed5334f834568e3f959a50aaf199125ff37183
- kind: project-relative
  target: claude
  value: .claude/skills/nifi-custom-component-developer-skill/references/mock-testing.md
  runtime: null
  scope: project
  owners:
  - ./agent-packages/nifi-development-kit
  active_owner: ./agent-packages/nifi-development-kit
  content_hash: sha256:76618eaef70374aa1457e9f353203bfa5bb77fbc0fd65d2ca585338662810d1d
- kind: project-relative
  target: claude
  value: .claude/skills/nifi-custom-component-developer-skill/references/naming.md
  runtime: null
  scope: project
  owners:
  - ./agent-packages/nifi-development-kit
  active_owner: ./agent-packages/nifi-development-kit
  content_hash: sha256:052d7527ea8a535abe95e20d3c78ce1a2a7810a5a5cd06fb44b5f7863249be1d
- kind: project-relative
  target: claude
  value: .claude/skills/nifi-custom-component-developer-skill/references/variable-initialization.md
  runtime: null
  scope: project
  owners:
  - ./agent-packages/nifi-development-kit
  active_owner: ./agent-packages/nifi-development-kit
  content_hash: sha256:4fa360caea7ba306cbc624042432429dbdc2d3df396e08cdda58b9dee30502d2
- kind: project-relative
  target: claude
  value: .claude/skills/qubership-actions-guide
  runtime: null
  scope: project
  owners:
  - netcracker/qubership-workflow-hub/agent-packages/qubership-workflow-hub-usage
  active_owner: netcracker/qubership-workflow-hub/agent-packages/qubership-workflow-hub-usage
  content_hash: null
- kind: project-relative
  target: claude
  value: .claude/skills/qubership-actions-guide/SKILL.md
  runtime: null
  scope: project
  owners:
  - netcracker/qubership-workflow-hub/agent-packages/qubership-workflow-hub-usage
  active_owner: netcracker/qubership-workflow-hub/agent-packages/qubership-workflow-hub-usage
  content_hash: sha256:d0d42f7bf82f49d4161814a837d01872f4fa91620569f8e437f02948005f176b
- kind: project-relative
  target: claude
  value: .claude/skills/qubership-actions-guide/cla.md
  runtime: null
  scope: project
  owners:
  - netcracker/qubership-workflow-hub/agent-packages/qubership-workflow-hub-usage
  active_owner: netcracker/qubership-workflow-hub/agent-packages/qubership-workflow-hub-usage
  content_hash: sha256:245533ccd1f9c6413e0a1b83cdb2d9f7d8e065a9fdb2d5a0fe9694b8b59b57f1
- kind: project-relative
  target: claude
  value: .claude/skills/qubership-actions-guide/cleanup.md
  runtime: null
  scope: project
  owners:
  - netcracker/qubership-workflow-hub/agent-packages/qubership-workflow-hub-usage
  active_owner: netcracker/qubership-workflow-hub/agent-packages/qubership-workflow-hub-usage
  content_hash: sha256:05b82bb4f1933c39981600ac53f916c510741eb25d3636b8b99bc31a600f7560
- kind: project-relative
  target: claude
  value: .claude/skills/qubership-actions-guide/docker.md
  runtime: null
  scope: project
  owners:
  - netcracker/qubership-workflow-hub/agent-packages/qubership-workflow-hub-usage
  active_owner: netcracker/qubership-workflow-hub/agent-packages/qubership-workflow-hub-usage
  content_hash: sha256:a0a725d382940be0f7cf0154f5215196fe306eb466137ccecba7e07c79a226ea
- kind: project-relative
  target: claude
  value: .claude/skills/qubership-actions-guide/helm.md
  runtime: null
  scope: project
  owners:
  - netcracker/qubership-workflow-hub/agent-packages/qubership-workflow-hub-usage
  active_owner: netcracker/qubership-workflow-hub/agent-packages/qubership-workflow-hub-usage
  content_hash: sha256:2ea93804c4b487ead21619bd17858d9576f71e1def26531548f4ff1d22a00824
- kind: project-relative
  target: claude
  value: .claude/skills/qubership-actions-guide/maven.md
  runtime: null
  scope: project
  owners:
  - netcracker/qubership-workflow-hub/agent-packages/qubership-workflow-hub-usage
  active_owner: netcracker/qubership-workflow-hub/agent-packages/qubership-workflow-hub-usage
  content_hash: sha256:05e2975120a9e482630d35084ef44a86a0a85a686f99bfd39f3a84cf0055d134
- kind: project-relative
  target: claude
  value: .claude/skills/qubership-actions-guide/pr.md
  runtime: null
  scope: project
  owners:
  - netcracker/qubership-workflow-hub/agent-packages/qubership-workflow-hub-usage
  active_owner: netcracker/qubership-workflow-hub/agent-packages/qubership-workflow-hub-usage
  content_hash: sha256:b584affbec960cac32d107806ebf7fe10394609788941579c42c1b38c478f1f9
- kind: project-relative
  target: claude
  value: .claude/skills/qubership-actions-guide/release.md
  runtime: null
  scope: project
  owners:
  - netcracker/qubership-workflow-hub/agent-packages/qubership-workflow-hub-usage
  active_owner: netcracker/qubership-workflow-hub/agent-packages/qubership-workflow-hub-usage
  content_hash: sha256:d26279c090f6e75733683c93e2c9f75413dd4293004d83960d784a2ee24303c8
- kind: project-relative
  target: claude
  value: .claude/skills/qubership-actions-guide/security.md
  runtime: null
  scope: project
  owners:
  - netcracker/qubership-workflow-hub/agent-packages/qubership-workflow-hub-usage
  active_owner: netcracker/qubership-workflow-hub/agent-packages/qubership-workflow-hub-usage
  content_hash: sha256:1c9ccbc41dd3524783efa0891036ea6c5680f4aacf74452ee65716a5a9f825aa
- kind: project-relative
  target: claude
  value: .claude/skills/qubership-actions-guide/utilities.md
  runtime: null
  scope: project
  owners:
  - netcracker/qubership-workflow-hub/agent-packages/qubership-workflow-hub-usage
  active_owner: netcracker/qubership-workflow-hub/agent-packages/qubership-workflow-hub-usage
  content_hash: sha256:838d2a7927cbce2b5a07ab75336b4f3aba592bcdb0264f679f020a23ce832382
- kind: project-relative
  target: claude
  value: .claude/skills/qubership-templates-guide
  runtime: null
  scope: project
  owners:
  - netcracker/qubership-workflow-hub/agent-packages/qubership-workflow-hub-usage
  active_owner: netcracker/qubership-workflow-hub/agent-packages/qubership-workflow-hub-usage
  content_hash: null
- kind: project-relative
  target: claude
  value: .claude/skills/qubership-templates-guide/SKILL.md
  runtime: null
  scope: project
  owners:
  - netcracker/qubership-workflow-hub/agent-packages/qubership-workflow-hub-usage
  active_owner: netcracker/qubership-workflow-hub/agent-packages/qubership-workflow-hub-usage
  content_hash: sha256:1b8c37cfd3e230a3b145118957d7545baa73eee1d47a25d9186ae680e051fc44
- kind: project-relative
  target: claude
  value: .claude/skills/qubership-workflow-conventions
  runtime: null
  scope: project
  owners:
  - netcracker/qubership-workflow-hub/agent-packages/qubership-workflow-hub-usage
  active_owner: netcracker/qubership-workflow-hub/agent-packages/qubership-workflow-hub-usage
  content_hash: null
- kind: project-relative
  target: claude
  value: .claude/skills/qubership-workflow-conventions/SKILL.md
  runtime: null
  scope: project
  owners:
  - netcracker/qubership-workflow-hub/agent-packages/qubership-workflow-hub-usage
  active_owner: netcracker/qubership-workflow-hub/agent-packages/qubership-workflow-hub-usage
  content_hash: sha256:9655b461fc932513b715b686c4129d92d762cc75310415968ea01cd831890a08
- kind: project-relative
  target: claude
  value: .claude/skills/qubership-workflow-conventions/debugging-playbook.md
  runtime: null
  scope: project
  owners:
  - netcracker/qubership-workflow-hub/agent-packages/qubership-workflow-hub-usage
  active_owner: netcracker/qubership-workflow-hub/agent-packages/qubership-workflow-hub-usage
  content_hash: sha256:4609eff134db5534ed21be6772e0595369c32525aecd25c9b9d8b0ffcbeabcfa
- kind: project-relative
  target: claude
  value: .claude/skills/qubership-workflow-conventions/security-model.md
  runtime: null
  scope: project
  owners:
  - netcracker/qubership-workflow-hub/agent-packages/qubership-workflow-hub-usage
  active_owner: netcracker/qubership-workflow-hub/agent-packages/qubership-workflow-hub-usage
  content_hash: sha256:fe3f48341fa66504572e3b0779244e77d608e1fb437997eae6ab45c0c5cd133b
- kind: project-relative
  target: claude
  value: .claude/skills/qubership-workflow-conventions/workflow-patterns.md
  runtime: null
  scope: project
  owners:
  - netcracker/qubership-workflow-hub/agent-packages/qubership-workflow-hub-usage
  active_owner: netcracker/qubership-workflow-hub/agent-packages/qubership-workflow-hub-usage
  content_hash: sha256:be7afa22b4e42ac1c8f772d52160e1c75a328c3386a0cd601d108fc12739cca6
- kind: project-relative
  target: claude
  value: .claude/skills/qubership-workflow-conventions/zizmor-rules.md
  runtime: null
  scope: project
  owners:
  - netcracker/qubership-workflow-hub/agent-packages/qubership-workflow-hub-usage
  active_owner: netcracker/qubership-workflow-hub/agent-packages/qubership-workflow-hub-usage
  content_hash: sha256:f0b1e9aa4def06f87e0bb8fff6ef23cdcfbd0565891cd64b274460e8029034dc
- kind: project-relative
  target: codex
  value: .agents/skills/nifi-custom-component-developer-skill
  runtime: null
  scope: project
  owners:
  - ./agent-packages/nifi-development-kit
  active_owner: ./agent-packages/nifi-development-kit
  content_hash: null
- kind: project-relative
  target: codex
  value: .agents/skills/nifi-custom-component-developer-skill/SKILL.md
  runtime: null
  scope: project
  owners:
  - ./agent-packages/nifi-development-kit
  active_owner: ./agent-packages/nifi-development-kit
  content_hash: sha256:a2b6cedf274d27359447c3cfa503054c63cdda942fd0a38622d2fb8f5b1811a7
- kind: project-relative
  target: codex
  value: .agents/skills/nifi-custom-component-developer-skill/references/annotations.md
  runtime: null
  scope: project
  owners:
  - ./agent-packages/nifi-development-kit
  active_owner: ./agent-packages/nifi-development-kit
  content_hash: sha256:348debad2f62337bb31c911aa485f61984472022336b90c0092a45dae8f874c6
- kind: project-relative
  target: codex
  value: .agents/skills/nifi-custom-component-developer-skill/references/batch.md
  runtime: null
  scope: project
  owners:
  - ./agent-packages/nifi-development-kit
  active_owner: ./agent-packages/nifi-development-kit
  content_hash: sha256:fc17e496e23a4226442b228bbf9c6c3d1c62e46c23d3042bb541a05833bcd0a0
- kind: project-relative
  target: codex
  value: .agents/skills/nifi-custom-component-developer-skill/references/check-flowfile.md
  runtime: null
  scope: project
  owners:
  - ./agent-packages/nifi-development-kit
  active_owner: ./agent-packages/nifi-development-kit
  content_hash: sha256:704e4afc0f479809f23667ab48ed5334f834568e3f959a50aaf199125ff37183
- kind: project-relative
  target: codex
  value: .agents/skills/nifi-custom-component-developer-skill/references/mock-testing.md
  runtime: null
  scope: project
  owners:
  - ./agent-packages/nifi-development-kit
  active_owner: ./agent-packages/nifi-development-kit
  content_hash: sha256:76618eaef70374aa1457e9f353203bfa5bb77fbc0fd65d2ca585338662810d1d
- kind: project-relative
  target: codex
  value: .agents/skills/nifi-custom-component-developer-skill/references/naming.md
  runtime: null
  scope: project
  owners:
  - ./agent-packages/nifi-development-kit
  active_owner: ./agent-packages/nifi-development-kit
  content_hash: sha256:052d7527ea8a535abe95e20d3c78ce1a2a7810a5a5cd06fb44b5f7863249be1d
- kind: project-relative
  target: codex
  value: .agents/skills/nifi-custom-component-developer-skill/references/variable-initialization.md
  runtime: null
  scope: project
  owners:
  - ./agent-packages/nifi-development-kit
  active_owner: ./agent-packages/nifi-development-kit
  content_hash: sha256:4fa360caea7ba306cbc624042432429dbdc2d3df396e08cdda58b9dee30502d2
- kind: project-relative
  target: codex
  value: .agents/skills/qubership-actions-guide
  runtime: null
  scope: project
  owners:
  - netcracker/qubership-workflow-hub/agent-packages/qubership-workflow-hub-usage
  active_owner: netcracker/qubership-workflow-hub/agent-packages/qubership-workflow-hub-usage
  content_hash: null
- kind: project-relative
  target: codex
  value: .agents/skills/qubership-actions-guide/SKILL.md
  runtime: null
  scope: project
  owners:
  - netcracker/qubership-workflow-hub/agent-packages/qubership-workflow-hub-usage
  active_owner: netcracker/qubership-workflow-hub/agent-packages/qubership-workflow-hub-usage
  content_hash: sha256:d0d42f7bf82f49d4161814a837d01872f4fa91620569f8e437f02948005f176b
- kind: project-relative
  target: codex
  value: .agents/skills/qubership-actions-guide/cla.md
  runtime: null
  scope: project
  owners:
  - netcracker/qubership-workflow-hub/agent-packages/qubership-workflow-hub-usage
  active_owner: netcracker/qubership-workflow-hub/agent-packages/qubership-workflow-hub-usage
  content_hash: sha256:245533ccd1f9c6413e0a1b83cdb2d9f7d8e065a9fdb2d5a0fe9694b8b59b57f1
- kind: project-relative
  target: codex
  value: .agents/skills/qubership-actions-guide/cleanup.md
  runtime: null
  scope: project
  owners:
  - netcracker/qubership-workflow-hub/agent-packages/qubership-workflow-hub-usage
  active_owner: netcracker/qubership-workflow-hub/agent-packages/qubership-workflow-hub-usage
  content_hash: sha256:05b82bb4f1933c39981600ac53f916c510741eb25d3636b8b99bc31a600f7560
- kind: project-relative
  target: codex
  value: .agents/skills/qubership-actions-guide/docker.md
  runtime: null
  scope: project
  owners:
  - netcracker/qubership-workflow-hub/agent-packages/qubership-workflow-hub-usage
  active_owner: netcracker/qubership-workflow-hub/agent-packages/qubership-workflow-hub-usage
  content_hash: sha256:a0a725d382940be0f7cf0154f5215196fe306eb466137ccecba7e07c79a226ea
- kind: project-relative
  target: codex
  value: .agents/skills/qubership-actions-guide/helm.md
  runtime: null
  scope: project
  owners:
  - netcracker/qubership-workflow-hub/agent-packages/qubership-workflow-hub-usage
  active_owner: netcracker/qubership-workflow-hub/agent-packages/qubership-workflow-hub-usage
  content_hash: sha256:2ea93804c4b487ead21619bd17858d9576f71e1def26531548f4ff1d22a00824
- kind: project-relative
  target: codex
  value: .agents/skills/qubership-actions-guide/maven.md
  runtime: null
  scope: project
  owners:
  - netcracker/qubership-workflow-hub/agent-packages/qubership-workflow-hub-usage
  active_owner: netcracker/qubership-workflow-hub/agent-packages/qubership-workflow-hub-usage
  content_hash: sha256:05e2975120a9e482630d35084ef44a86a0a85a686f99bfd39f3a84cf0055d134
- kind: project-relative
  target: codex
  value: .agents/skills/qubership-actions-guide/pr.md
  runtime: null
  scope: project
  owners:
  - netcracker/qubership-workflow-hub/agent-packages/qubership-workflow-hub-usage
  active_owner: netcracker/qubership-workflow-hub/agent-packages/qubership-workflow-hub-usage
  content_hash: sha256:b584affbec960cac32d107806ebf7fe10394609788941579c42c1b38c478f1f9
- kind: project-relative
  target: codex
  value: .agents/skills/qubership-actions-guide/release.md
  runtime: null
  scope: project
  owners:
  - netcracker/qubership-workflow-hub/agent-packages/qubership-workflow-hub-usage
  active_owner: netcracker/qubership-workflow-hub/agent-packages/qubership-workflow-hub-usage
  content_hash: sha256:d26279c090f6e75733683c93e2c9f75413dd4293004d83960d784a2ee24303c8
- kind: project-relative
  target: codex
  value: .agents/skills/qubership-actions-guide/security.md
  runtime: null
  scope: project
  owners:
  - netcracker/qubership-workflow-hub/agent-packages/qubership-workflow-hub-usage
  active_owner: netcracker/qubership-workflow-hub/agent-packages/qubership-workflow-hub-usage
  content_hash: sha256:1c9ccbc41dd3524783efa0891036ea6c5680f4aacf74452ee65716a5a9f825aa
- kind: project-relative
  target: codex
  value: .agents/skills/qubership-actions-guide/utilities.md
  runtime: null
  scope: project
  owners:
  - netcracker/qubership-workflow-hub/agent-packages/qubership-workflow-hub-usage
  active_owner: netcracker/qubership-workflow-hub/agent-packages/qubership-workflow-hub-usage
  content_hash: sha256:838d2a7927cbce2b5a07ab75336b4f3aba592bcdb0264f679f020a23ce832382
- kind: project-relative
  target: codex
  value: .agents/skills/qubership-templates-guide
  runtime: null
  scope: project
  owners:
  - netcracker/qubership-workflow-hub/agent-packages/qubership-workflow-hub-usage
  active_owner: netcracker/qubership-workflow-hub/agent-packages/qubership-workflow-hub-usage
  content_hash: null
- kind: project-relative
  target: codex
  value: .agents/skills/qubership-templates-guide/SKILL.md
  runtime: null
  scope: project
  owners:
  - netcracker/qubership-workflow-hub/agent-packages/qubership-workflow-hub-usage
  active_owner: netcracker/qubership-workflow-hub/agent-packages/qubership-workflow-hub-usage
  content_hash: sha256:1b8c37cfd3e230a3b145118957d7545baa73eee1d47a25d9186ae680e051fc44
- kind: project-relative
  target: codex
  value: .agents/skills/qubership-workflow-conventions
  runtime: null
  scope: project
  owners:
  - netcracker/qubership-workflow-hub/agent-packages/qubership-workflow-hub-usage
  active_owner: netcracker/qubership-workflow-hub/agent-packages/qubership-workflow-hub-usage
  content_hash: null
- kind: project-relative
  target: codex
  value: .agents/skills/qubership-workflow-conventions/SKILL.md
  runtime: null
  scope: project
  owners:
  - netcracker/qubership-workflow-hub/agent-packages/qubership-workflow-hub-usage
  active_owner: netcracker/qubership-workflow-hub/agent-packages/qubership-workflow-hub-usage
  content_hash: sha256:9655b461fc932513b715b686c4129d92d762cc75310415968ea01cd831890a08
- kind: project-relative
  target: codex
  value: .agents/skills/qubership-workflow-conventions/debugging-playbook.md
  runtime: null
  scope: project
  owners:
  - netcracker/qubership-workflow-hub/agent-packages/qubership-workflow-hub-usage
  active_owner: netcracker/qubership-workflow-hub/agent-packages/qubership-workflow-hub-usage
  content_hash: sha256:4609eff134db5534ed21be6772e0595369c32525aecd25c9b9d8b0ffcbeabcfa
- kind: project-relative
  target: codex
  value: .agents/skills/qubership-workflow-conventions/security-model.md
  runtime: null
  scope: project
  owners:
  - netcracker/qubership-workflow-hub/agent-packages/qubership-workflow-hub-usage
  active_owner: netcracker/qubership-workflow-hub/agent-packages/qubership-workflow-hub-usage
  content_hash: sha256:fe3f48341fa66504572e3b0779244e77d608e1fb437997eae6ab45c0c5cd133b
- kind: project-relative
  target: codex
  value: .agents/skills/qubership-workflow-conventions/workflow-patterns.md
  runtime: null
  scope: project
  owners:
  - netcracker/qubership-workflow-hub/agent-packages/qubership-workflow-hub-usage
  active_owner: netcracker/qubership-workflow-hub/agent-packages/qubership-workflow-hub-usage
  content_hash: sha256:be7afa22b4e42ac1c8f772d52160e1c75a328c3386a0cd601d108fc12739cca6
- kind: project-relative
  target: codex
  value: .agents/skills/qubership-workflow-conventions/zizmor-rules.md
  runtime: null
  scope: project
  owners:
  - netcracker/qubership-workflow-hub/agent-packages/qubership-workflow-hub-usage
  active_owner: netcracker/qubership-workflow-hub/agent-packages/qubership-workflow-hub-usage
  content_hash: sha256:f0b1e9aa4def06f87e0bb8fff6ef23cdcfbd0565891cd64b274460e8029034dc
- kind: project-relative
  target: codex
  value: .codex/hooks/qubership-nifi-linters/.apm/hooks/README.md
  runtime: null
  scope: project
  owners:
  - ./agent-packages/qubership-nifi-linters
  active_owner: ./agent-packages/qubership-nifi-linters
  content_hash: sha256:d4d2252408f80bd2a372b680cc45e5796e054055f90d5178159674dfe0d3d6e2
- kind: project-relative
  target: codex
  value: .codex/hooks/qubership-nifi-linters/.apm/hooks/lint_changed_file.py
  runtime: null
  scope: project
  owners:
  - ./agent-packages/qubership-nifi-linters
  active_owner: ./agent-packages/qubership-nifi-linters
  content_hash: sha256:92735b287a4b1da96b2f99e2ee4cb526c4ad9608abd1db01b5dc358172ae7823
- kind: project-relative
  target: cursor
  value: .cursor/commands/lint.md
  runtime: null
  scope: project
  owners:
  - ./agent-packages/qubership-nifi-linters
  active_owner: ./agent-packages/qubership-nifi-linters
  content_hash: sha256:090f2a75ea85c8fa63f8819399eac212f7d48ad0e3e5ea91e540701b4d027804
- kind: project-relative
  target: cursor
  value: .cursor/hooks/qubership-nifi-linters/.apm/hooks/README.md
  runtime: null
  scope: project
  owners:
  - ./agent-packages/qubership-nifi-linters
  active_owner: ./agent-packages/qubership-nifi-linters
  content_hash: sha256:d4d2252408f80bd2a372b680cc45e5796e054055f90d5178159674dfe0d3d6e2
- kind: project-relative
  target: cursor
  value: .cursor/hooks/qubership-nifi-linters/.apm/hooks/lint_changed_file.py
  runtime: null
  scope: project
  owners:
  - ./agent-packages/qubership-nifi-linters
  active_owner: ./agent-packages/qubership-nifi-linters
  content_hash: sha256:92735b287a4b1da96b2f99e2ee4cb526c4ad9608abd1db01b5dc358172ae7823
- kind: project-relative
  target: cursor
  value: .cursor/rules/qubership-workflow-hub-usage.mdc
  runtime: null
  scope: project
  owners:
  - netcracker/qubership-workflow-hub/agent-packages/qubership-workflow-hub-usage
  active_owner: netcracker/qubership-workflow-hub/agent-packages/qubership-workflow-hub-usage
  content_hash: sha256:500ce630e8ac4b0ece281e6671cc450164bafd76782f21efb80abd4c16c40bb9
